
Microsoft Visual Studio Solution File, Format Version 12.00
# Visual Studio Version 17
VisualStudioVersion = 17.0.31903.59
MinimumVisualStudioVersion = 10.0.40219.1
Project("{9A19103F-16F7-4668-BE54-9A1E7A4F7556}") = "CircuitToy", "CircuitToy\CircuitToy.csproj", "{000E1369-C715-4FD3-B4F9-A261A96CC61C}"
EndProject
Project("{9A19103F-16F7-4668-BE54-9A1E7A4F7556}") = "CircuitLib", "CircuitLib\CircuitLib.csproj", "{361673B9-F4FE-491F-962A-CDDDE3CF0270}"
EndProject
Project("{9A19103F-16F7-4668-BE54-9A1E7A4F7556}") = "CircuitLib_Tests", "CircuitLib_Tests\CircuitLib_Tests.csproj", "{2C82BF3D-EB45-4FEB-9B32-25AF1F7768FA}"
EndProject
Global
	GlobalSection(SolutionConfigurationPlatforms) = preSolution
		Debug|Any CPU = Debug|Any CPU
		Release|Any CPU = Release|Any CPU
	EndGlobalSection
	GlobalSection(ProjectConfigurationPlatforms) = postSolution
		{000E1369-C715-4FD3-B4F9-A261A96CC61C}.Debug|Any CPU.ActiveCfg = Debug|Any CPU
		{000E1369-C715-4FD3-B4F9-A261A96CC61C}.Debug|Any CPU.Build.0 = Debug|Any CPU
		{000E1369-C715-4FD3-B4F9-A261A96CC61C}.Release|Any CPU.ActiveCfg = Release|Any CPU
		{000E1369-C715-4FD3-B4F9-A261A96CC61C}.Release|Any CPU.Build.0 = Release|Any CPU
		{361673B9-F4FE-491F-962A-CDDDE3CF0270}.Debug|Any CPU.ActiveCfg = Debug|Any CPU
		{361673B9-F4FE-491F-962A-CDDDE3CF0270}.Debug|Any CPU.Build.0 = Debug|Any CPU
		{361673B9-F4FE-491F-962A-CDDDE3CF0270}.Release|Any CPU.ActiveCfg = Release|Any CPU
		{361673B9-F4FE-491F-962A-CDDDE3CF0270}.Release|Any CPU.Build.0 = Release|Any CPU
		{2C82BF3D-EB45-4FEB-9B32-25AF1F7768FA}.Debug|Any CPU.ActiveCfg = Debug|Any CPU
		{2C82BF3D-EB45-4FEB-9B32-25AF1F7768FA}.Debug|Any CPU.Build.0 = Debug|Any CPU
		{2C82BF3D-EB45-4FEB-9B32-25AF1F7768FA}.Release|Any CPU.ActiveCfg = Release|Any CPU
		{2C82BF3D-EB45-4FEB-9B32-25AF1F7768FA}.Release|Any CPU.Build.0 = Release|Any CPU
	EndGlobalSection
	GlobalSection(SolutionProperties) = preSolution
		HideSolutionNode = FALSE
	EndGlobalSection
	GlobalSection(ExtensibilityGlobals) = postSolution
		SolutionGuid = {48F1AFFE-22ED-47E7-854B-CC4BEAA8CC00}
	EndGlobalSection
EndGlobal
